
Microsoft Visual Studio Solution File, Format Version 12.00
# Visual Studio Version 16
VisualStudioVersion = 16.0.29613.14
MinimumVisualStudioVersion = 10.0.40219.1
Project("{FAE04EC0-301F-11D3-BF4B-00C04F79EFBC}") = "SegitigaSiku2ConsoleApp", "SegitigaSiku2ConsoleApp\SegitigaSiku2ConsoleApp.csproj", "{97693F27-5260-4C77-900E-E4178EE85AF3}"
EndProject
Global
	GlobalSection(SolutionConfigurationPlatforms) = preSolution
		Debug|Any CPU = Debug|Any CPU
		Release|Any CPU = Release|Any CPU
	EndGlobalSection
	GlobalSection(ProjectConfigurationPlatforms) = postSolution
		{97693F27-5260-4C77-900E-E4178EE85AF3}.Debug|Any CPU.ActiveCfg = Debug|Any CPU
		{97693F27-5260-4C77-900E-E4178EE85AF3}.Debug|Any CPU.Build.0 = Debug|Any CPU
		{97693F27-5260-4C77-900E-E4178EE85AF3}.Release|Any CPU.ActiveCfg = Release|Any CPU
		{97693F27-5260-4C77-900E-E4178EE85AF3}.Release|Any CPU.Build.0 = Release|Any CPU
	EndGlobalSection
	GlobalSection(SolutionProperties) = preSolution
		HideSolutionNode = FALSE
	EndGlobalSection
	GlobalSection(ExtensibilityGlobals) = postSolution
		SolutionGuid = {3EE74E39-41EC-4643-89E1-570DD8E04722}
	EndGlobalSection
EndGlobal
